// !$*UTF8*$!
{
	archiveVersion = 1;
	classes = {
	};
	objectVersion = 46;
	objects = {

/* Begin PBXBuildFile section */
		2FA479659D74D4050E448F54 /* Pods.framework in Frameworks */ = {isa = PBXBuildFile; fileRef = D873FB3A473393947D41D62F /* Pods.framework */; };
		552700191CBDEDE3006CC45C /* ItemsCollectionViewController.swift in Sources */ = {isa = PBXBuildFile; fileRef = 552700181CBDEDE3006CC45C /* ItemsCollectionViewController.swift */; };
		5527001F1CBE09DD006CC45C /* ItemsCollectionViewCell.swift in Sources */ = {isa = PBXBuildFile; fileRef = 5527001E1CBE09DD006CC45C /* ItemsCollectionViewCell.swift */; };
		552700211CBE8AF1006CC45C /* DetailViewController.swift in Sources */ = {isa = PBXBuildFile; fileRef = 552700201CBE8AF1006CC45C /* DetailViewController.swift */; };
		552B26701CBEDE79004F3749 /* CategoryTableViewCell.swift in Sources */ = {isa = PBXBuildFile; fileRef = 552B266F1CBEDE79004F3749 /* CategoryTableViewCell.swift */; };
		552B26771CBEE20B004F3749 /* CategoryTableViewCell.xib in Resources */ = {isa = PBXBuildFile; fileRef = 552B26761CBEE20B004F3749 /* CategoryTableViewCell.xib */; };
		552B26791CBEE4E1004F3749 /* CategoryViewController.swift in Sources */ = {isa = PBXBuildFile; fileRef = 552B26781CBEE4E1004F3749 /* CategoryViewController.swift */; };
		552B267B1CBEF370004F3749 /* CategoryCollectionViewCell.swift in Sources */ = {isa = PBXBuildFile; fileRef = 552B267A1CBEF370004F3749 /* CategoryCollectionViewCell.swift */; };
		552B267D1CBEF4AD004F3749 /* CategoryCollectionViewCell.xib in Resources */ = {isa = PBXBuildFile; fileRef = 552B267C1CBEF4AD004F3749 /* CategoryCollectionViewCell.xib */; };
		553D83B31CBCAEDE00450CD8 /* Error.swift in Sources */ = {isa = PBXBuildFile; fileRef = 553D83B21CBCAEDE00450CD8 /* Error.swift */; };
		553D83B61CBD2B6100450CD8 /* AppNotification.swift in Sources */ = {isa = PBXBuildFile; fileRef = 553D83B51CBD2B6100450CD8 /* AppNotification.swift */; };
		553D83B81CBD2F4000450CD8 /* MobileApp.swift in Sources */ = {isa = PBXBuildFile; fileRef = 553D83B71CBD2F4000450CD8 /* MobileApp.swift */; };
		553D83BA1CBD2F5B00450CD8 /* APIClient.swift in Sources */ = {isa = PBXBuildFile; fileRef = 553D83B91CBD2F5B00450CD8 /* APIClient.swift */; };
		555854B01CBA8AA5009B54DB /* AppDelegate.swift in Sources */ = {isa = PBXBuildFile; fileRef = 555854AF1CBA8AA5009B54DB /* AppDelegate.swift */; };
		555854B51CBA8AA5009B54DB /* Main.storyboard in Resources */ = {isa = PBXBuildFile; fileRef = 555854B31CBA8AA5009B54DB /* Main.storyboard */; };
		555854B71CBA8AA5009B54DB /* Assets.xcassets in Resources */ = {isa = PBXBuildFile; fileRef = 555854B61CBA8AA5009B54DB /* Assets.xcassets */; };
		555854BA1CBA8AA5009B54DB /* LaunchScreen.storyboard in Resources */ = {isa = PBXBuildFile; fileRef = 555854B81CBA8AA5009B54DB /* LaunchScreen.storyboard */; };
		555854C51CBA8AA6009B54DB /* appStoreTests.swift in Sources */ = {isa = PBXBuildFile; fileRef = 555854C41CBA8AA6009B54DB /* appStoreTests.swift */; };
		555854D01CBA8AA6009B54DB /* appStoreUITests.swift in Sources */ = {isa = PBXBuildFile; fileRef = 555854CF1CBA8AA6009B54DB /* appStoreUITests.swift */; };
		555854E61CBA9AD8009B54DB /* Constants.swift in Sources */ = {isa = PBXBuildFile; fileRef = 555854E51CBA9AD8009B54DB /* Constants.swift */; };
		555854EC1CBA9DEB009B54DB /* IAppRepository.swift in Sources */ = {isa = PBXBuildFile; fileRef = 555854EB1CBA9DEB009B54DB /* IAppRepository.swift */; };
		555854EF1CBAA047009B54DB /* AppItem.swift in Sources */ = {isa = PBXBuildFile; fileRef = 555854EE1CBAA047009B54DB /* AppItem.swift */; };
		555854F31CBAB0D7009B54DB /* AppRepository.swift in Sources */ = {isa = PBXBuildFile; fileRef = 555854F21CBAB0D7009B54DB /* AppRepository.swift */; };
		555854F51CBAB1FB009B54DB /* TestAppRepository.swift in Sources */ = {isa = PBXBuildFile; fileRef = 555854F41CBAB1FB009B54DB /* TestAppRepository.swift */; };
		555854F71CBAB2E7009B54DB /* RepositoryLocator.swift in Sources */ = {isa = PBXBuildFile; fileRef = 555854F61CBAB2E7009B54DB /* RepositoryLocator.swift */; };
		55CD1EBB1CBFEE0300922161 /* SyncManager.swift in Sources */ = {isa = PBXBuildFile; fileRef = 55CD1EBA1CBFEE0300922161 /* SyncManager.swift */; };
/* End PBXBuildFile section */

/* Begin PBXContainerItemProxy section */
		555854C11CBA8AA6009B54DB /* PBXContainerItemProxy */ = {
			isa = PBXContainerItemProxy;
			containerPortal = 555854A41CBA8AA4009B54DB /* Project object */;
			proxyType = 1;
			remoteGlobalIDString = 555854AB1CBA8AA4009B54DB;
			remoteInfo = appStore;
		};
		555854CC1CBA8AA6009B54DB /* PBXContainerItemProxy */ = {
			isa = PBXContainerItemProxy;
			containerPortal = 555854A41CBA8AA4009B54DB /* Project object */;
			proxyType = 1;
			remoteGlobalIDString = 555854AB1CBA8AA4009B54DB;
			remoteInfo = appStore;
		};
/* End PBXContainerItemProxy section */

/* Begin PBXFileReference section */
		033373A0E2F1606B3BFA90B3 /* Pods.release.xcconfig */ = {isa = PBXFileReference; includeInIndex = 1; lastKnownFileType = text.xcconfig; name = Pods.release.xcconfig; path = "Pods/Target Support Files/Pods/Pods.release.xcconfig"; sourceTree = "<group>"; };
		5485FC4B01EA5D26C33B364B /* Pods.debug.xcconfig */ = {isa = PBXFileReference; includeInIndex = 1; lastKnownFileType = text.xcconfig; name = Pods.debug.xcconfig; path = "Pods/Target Support Files/Pods/Pods.debug.xcconfig"; sourceTree = "<group>"; };
		552700181CBDEDE3006CC45C /* ItemsCollectionViewController.swift */ = {isa = PBXFileReference; fileEncoding = 4; lastKnownFileType = sourcecode.swift; name = ItemsCollectionViewController.swift; path = Controllers/ItemsCollectionViewController.swift; sourceTree = "<group>"; };
		5527001E1CBE09DD006CC45C /* ItemsCollectionViewCell.swift */ = {isa = PBXFileReference; fileEncoding = 4; lastKnownFileType = sourcecode.swift; name = ItemsCollectionViewCell.swift; path = Controllers/Cells/ItemsCollectionViewCell.swift; sourceTree = "<group>"; };
		552700201CBE8AF1006CC45C /* DetailViewController.swift */ = {isa = PBXFileReference; fileEncoding = 4; lastKnownFileType = sourcecode.swift; name = DetailViewController.swift; path = Controllers/DetailViewController.swift; sourceTree = "<group>"; };
		552B266F1CBEDE79004F3749 /* CategoryTableViewCell.swift */ = {isa = PBXFileReference; fileEncoding = 4; lastKnownFileType = sourcecode.swift; name = CategoryTableViewCell.swift; path = Controllers/Cells/CategoryTableViewCell.swift; sourceTree = "<group>"; };
		552B26761CBEE20B004F3749 /* CategoryTableViewCell.xib */ = {isa = PBXFileReference; fileEncoding = 4; lastKnownFileType = file.xib; name = CategoryTableViewCell.xib; path = Base.lproj/Cells/CategoryTableViewCell.xib; sourceTree = "<group>"; };
		552B26781CBEE4E1004F3749 /* CategoryViewController.swift */ = {isa = PBXFileReference; fileEncoding = 4; lastKnownFileType = sourcecode.swift; name = CategoryViewController.swift; path = Controllers/CategoryViewController.swift; sourceTree = "<group>"; };
		552B267A1CBEF370004F3749 /* CategoryCollectionViewCell.swift */ = {isa = PBXFileReference; fileEncoding = 4; lastKnownFileType = sourcecode.swift; path = CategoryCollectionViewCell.swift; sourceTree = "<group>"; };
		552B267C1CBEF4AD004F3749 /* CategoryCollectionViewCell.xib */ = {isa = PBXFileReference; fileEncoding = 4; lastKnownFileType = file.xib; name = CategoryCollectionViewCell.xib; path = Base.lproj/Cells/CategoryCollectionViewCell.xib; sourceTree = "<group>"; };
		553D83B21CBCAEDE00450CD8 /* Error.swift */ = {isa = PBXFileReference; fileEncoding = 4; lastKnownFileType = sourcecode.swift; name = Error.swift; path = Model/Error.swift; sourceTree = "<group>"; };
		553D83B51CBD2B6100450CD8 /* AppNotification.swift */ = {isa = PBXFileReference; fileEncoding = 4; lastKnownFileType = sourcecode.swift; name = AppNotification.swift; path = Utils/AppNotification.swift; sourceTree = "<group>"; };
		553D83B71CBD2F4000450CD8 /* MobileApp.swift */ = {isa = PBXFileReference; fileEncoding = 4; lastKnownFileType = sourcecode.swift; name = MobileApp.swift; path = Model/MobileApp.swift; sourceTree = "<group>"; };
		553D83B91CBD2F5B00450CD8 /* APIClient.swift */ = {isa = PBXFileReference; fileEncoding = 4; lastKnownFileType = sourcecode.swift; name = APIClient.swift; path = Repositories/Production/APIClient.swift; sourceTree = "<group>"; };
		555854AC1CBA8AA4009B54DB /* appStore.app */ = {isa = PBXFileReference; explicitFileType = wrapper.application; includeInIndex = 0; path = appStore.app; sourceTree = BUILT_PRODUCTS_DIR; };
		555854AF1CBA8AA5009B54DB /* AppDelegate.swift */ = {isa = PBXFileReference; lastKnownFileType = sourcecode.swift; path = AppDelegate.swift; sourceTree = "<group>"; };
		555854B41CBA8AA5009B54DB /* Base */ = {isa = PBXFileReference; lastKnownFileType = file.storyboard; name = Base; path = Base.lproj/Main.storyboard; sourceTree = "<group>"; };
		555854B61CBA8AA5009B54DB /* Assets.xcassets */ = {isa = PBXFileReference; lastKnownFileType = folder.assetcatalog; path = Assets.xcassets; sourceTree = "<group>"; };
		555854B91CBA8AA5009B54DB /* Base */ = {isa = PBXFileReference; lastKnownFileType = file.storyboard; name = Base; path = Base.lproj/LaunchScreen.storyboard; sourceTree = "<group>"; };
		555854BB1CBA8AA5009B54DB /* Info.plist */ = {isa = PBXFileReference; lastKnownFileType = text.plist.xml; path = Info.plist; sourceTree = "<group>"; };
		555854C01CBA8AA6009B54DB /* appStoreTests.xctest */ = {isa = PBXFileReference; explicitFileType = wrapper.cfbundle; includeInIndex = 0; path = appStoreTests.xctest; sourceTree = BUILT_PRODUCTS_DIR; };
		555854C41CBA8AA6009B54DB /* appStoreTests.swift */ = {isa = PBXFileReference; lastKnownFileType = sourcecode.swift; path = appStoreTests.swift; sourceTree = "<group>"; };
		555854C61CBA8AA6009B54DB /* Info.plist */ = {isa = PBXFileReference; lastKnownFileType = text.plist.xml; path = Info.plist; sourceTree = "<group>"; };
		555854CB1CBA8AA6009B54DB /* appStoreUITests.xctest */ = {isa = PBXFileReference; explicitFileType = wrapper.cfbundle; includeInIndex = 0; path = appStoreUITests.xctest; sourceTree = BUILT_PRODUCTS_DIR; };
		555854CF1CBA8AA6009B54DB /* appStoreUITests.swift */ = {isa = PBXFileReference; lastKnownFileType = sourcecode.swift; path = appStoreUITests.swift; sourceTree = "<group>"; };
		555854D11CBA8AA6009B54DB /* Info.plist */ = {isa = PBXFileReference; lastKnownFileType = text.plist.xml; path = Info.plist; sourceTree = "<group>"; };
		555854E51CBA9AD8009B54DB /* Constants.swift */ = {isa = PBXFileReference; fileEncoding = 4; lastKnownFileType = sourcecode.swift; path = Constants.swift; sourceTree = "<group>"; };
		555854EB1CBA9DEB009B54DB /* IAppRepository.swift */ = {isa = PBXFileReference; fileEncoding = 4; lastKnownFileType = sourcecode.swift; name = IAppRepository.swift; path = Repositories/Protocols/IAppRepository.swift; sourceTree = "<group>"; };
		555854EE1CBAA047009B54DB /* AppItem.swift */ = {isa = PBXFileReference; fileEncoding = 4; lastKnownFileType = sourcecode.swift; name = AppItem.swift; path = Model/AppItem.swift; sourceTree = "<group>"; };
		555854F21CBAB0D7009B54DB /* AppRepository.swift */ = {isa = PBXFileReference; fileEncoding = 4; lastKnownFileType = sourcecode.swift; name = AppRepository.swift; path = Repositories/Production/AppRepository.swift; sourceTree = "<group>"; };
		555854F41CBAB1FB009B54DB /* TestAppRepository.swift */ = {isa = PBXFileReference; fileEncoding = 4; lastKnownFileType = sourcecode.swift; name = TestAppRepository.swift; path = Repositories/Test/TestAppRepository.swift; sourceTree = "<group>"; };
		555854F61CBAB2E7009B54DB /* RepositoryLocator.swift */ = {isa = PBXFileReference; fileEncoding = 4; lastKnownFileType = sourcecode.swift; name = RepositoryLocator.swift; path = Repositories/RepositoryLocator.swift; sourceTree = "<group>"; };
		55CD1EBA1CBFEE0300922161 /* SyncManager.swift */ = {isa = PBXFileReference; fileEncoding = 4; lastKnownFileType = sourcecode.swift; name = SyncManager.swift; path = Repositories/Production/SyncManager.swift; sourceTree = "<group>"; };
		D873FB3A473393947D41D62F /* Pods.framework */ = {isa = PBXFileReference; explicitFileType = wrapper.framework; includeInIndex = 0; path = Pods.framework; sourceTree = BUILT_PRODUCTS_DIR; };
/* End PBXFileReference section */

/* Begin PBXFrameworksBuildPhase section */
		555854A91CBA8AA4009B54DB /* Frameworks */ = {
			isa = PBXFrameworksBuildPhase;
			buildActionMask = 2147483647;
			files = (
				2FA479659D74D4050E448F54 /* Pods.framework in Frameworks */,
			);
			runOnlyForDeploymentPostprocessing = 0;
		};
		555854BD1CBA8AA6009B54DB /* Frameworks */ = {
			isa = PBXFrameworksBuildPhase;
			buildActionMask = 2147483647;
			files = (
			);
			runOnlyForDeploymentPostprocessing = 0;
		};
		555854C81CBA8AA6009B54DB /* Frameworks */ = {
			isa = PBXFrameworksBuildPhase;
			buildActionMask = 2147483647;
			files = (
			);
			runOnlyForDeploymentPostprocessing = 0;
		};
/* End PBXFrameworksBuildPhase section */

/* Begin PBXGroup section */
		5527001B1CBE096C006CC45C /* Cells */ = {
			isa = PBXGroup;
			children = (
				5527001E1CBE09DD006CC45C /* ItemsCollectionViewCell.swift */,
				552B266F1CBEDE79004F3749 /* CategoryTableViewCell.swift */,
				552B267A1CBEF370004F3749 /* CategoryCollectionViewCell.swift */,
			);
			name = Cells;
			sourceTree = "<group>";
		};
		552B26711CBEDECA004F3749 /* Cells */ = {
			isa = PBXGroup;
			children = (
				552B26761CBEE20B004F3749 /* CategoryTableViewCell.xib */,
				552B267C1CBEF4AD004F3749 /* CategoryCollectionViewCell.xib */,
			);
			name = Cells;
			sourceTree = "<group>";
		};
		553D83B41CBD2B3200450CD8 /* Utils */ = {
			isa = PBXGroup;
			children = (
				553D83B51CBD2B6100450CD8 /* AppNotification.swift */,
			);
			name = Utils;
			sourceTree = "<group>";
		};
		555854A31CBA8AA4009B54DB = {
			isa = PBXGroup;
			children = (
				555854AE1CBA8AA5009B54DB /* appStore */,
				555854C31CBA8AA6009B54DB /* appStoreTests */,
				555854CE1CBA8AA6009B54DB /* appStoreUITests */,
				555854AD1CBA8AA4009B54DB /* Products */,
				EBD38D2429B1129233E1742F /* Pods */,
				BCCD8409A88A265FC60BEF68 /* Frameworks */,
			);
			sourceTree = "<group>";
		};
		555854AD1CBA8AA4009B54DB /* Products */ = {
			isa = PBXGroup;
			children = (
				555854AC1CBA8AA4009B54DB /* appStore.app */,
				555854C01CBA8AA6009B54DB /* appStoreTests.xctest */,
				555854CB1CBA8AA6009B54DB /* appStoreUITests.xctest */,
			);
			name = Products;
			sourceTree = "<group>";
		};
		555854AE1CBA8AA5009B54DB /* appStore */ = {
			isa = PBXGroup;
			children = (
				55CD1EBC1CC01CE800922161 /* ThirdParty */,
				555854ED1CBA9F72009B54DB /* Model */,
				555854DD1CBA9740009B54DB /* Controllers */,
				555854E71CBA9BFB009B54DB /* Repositories */,
				553D83B41CBD2B3200450CD8 /* Utils */,
				555854E41CBA9800009B54DB /* Views */,
				555854AF1CBA8AA5009B54DB /* AppDelegate.swift */,
				555854B61CBA8AA5009B54DB /* Assets.xcassets */,
				555854BB1CBA8AA5009B54DB /* Info.plist */,
				555854E51CBA9AD8009B54DB /* Constants.swift */,
			);
			path = appStore;
			sourceTree = "<group>";
		};
		555854C31CBA8AA6009B54DB /* appStoreTests */ = {
			isa = PBXGroup;
			children = (
				555854C41CBA8AA6009B54DB /* appStoreTests.swift */,
				555854C61CBA8AA6009B54DB /* Info.plist */,
			);
			path = appStoreTests;
			sourceTree = "<group>";
		};
		555854CE1CBA8AA6009B54DB /* appStoreUITests */ = {
			isa = PBXGroup;
			children = (
				555854CF1CBA8AA6009B54DB /* appStoreUITests.swift */,
				555854D11CBA8AA6009B54DB /* Info.plist */,
			);
			path = appStoreUITests;
			sourceTree = "<group>";
		};
		555854DD1CBA9740009B54DB /* Controllers */ = {
			isa = PBXGroup;
			children = (
				5527001B1CBE096C006CC45C /* Cells */,
				552700181CBDEDE3006CC45C /* ItemsCollectionViewController.swift */,
				552700201CBE8AF1006CC45C /* DetailViewController.swift */,
				552B26781CBEE4E1004F3749 /* CategoryViewController.swift */,
			);
			name = Controllers;
			sourceTree = "<group>";
		};
		555854E41CBA9800009B54DB /* Views */ = {
			isa = PBXGroup;
			children = (
				552B26711CBEDECA004F3749 /* Cells */,
				555854B31CBA8AA5009B54DB /* Main.storyboard */,
				555854B81CBA8AA5009B54DB /* LaunchScreen.storyboard */,
			);
			name = Views;
			sourceTree = "<group>";
		};
		555854E71CBA9BFB009B54DB /* Repositories */ = {
			isa = PBXGroup;
			children = (
				555854EA1CBA9C21009B54DB /* Test */,
				555854E91CBA9C19009B54DB /* Protocols */,
				555854E81CBA9C0F009B54DB /* Production */,
				555854F61CBAB2E7009B54DB /* RepositoryLocator.swift */,
			);
			name = Repositories;
			sourceTree = "<group>";
		};
		555854E81CBA9C0F009B54DB /* Production */ = {
			isa = PBXGroup;
			children = (
				555854F21CBAB0D7009B54DB /* AppRepository.swift */,
				553D83B91CBD2F5B00450CD8 /* APIClient.swift */,
				55CD1EBA1CBFEE0300922161 /* SyncManager.swift */,
			);
			name = Production;
			sourceTree = "<group>";
		};
		555854E91CBA9C19009B54DB /* Protocols */ = {
			isa = PBXGroup;
			children = (
				555854EB1CBA9DEB009B54DB /* IAppRepository.swift */,
			);
			name = Protocols;
			sourceTree = "<group>";
		};
		555854EA1CBA9C21009B54DB /* Test */ = {
			isa = PBXGroup;
			children = (
				555854F41CBAB1FB009B54DB /* TestAppRepository.swift */,
			);
			name = Test;
			sourceTree = "<group>";
		};
		555854ED1CBA9F72009B54DB /* Model */ = {
			isa = PBXGroup;
			children = (
				555854EE1CBAA047009B54DB /* AppItem.swift */,
				553D83B71CBD2F4000450CD8 /* MobileApp.swift */,
				553D83B21CBCAEDE00450CD8 /* Error.swift */,
			);
			name = Model;
			sourceTree = "<group>";
		};
		55CD1EBC1CC01CE800922161 /* ThirdParty */ = {
			isa = PBXGroup;
			children = (
			);
			name = ThirdParty;
			sourceTree = "<group>";
		};
		BCCD8409A88A265FC60BEF68 /* Frameworks */ = {
			isa = PBXGroup;
			children = (
				D873FB3A473393947D41D62F /* Pods.framework */,
			);
			name = Frameworks;
			sourceTree = "<group>";
		};
		EBD38D2429B1129233E1742F /* Pods */ = {
			isa = PBXGroup;
			children = (
				5485FC4B01EA5D26C33B364B /* Pods.debug.xcconfig */,
				033373A0E2F1606B3BFA90B3 /* Pods.release.xcconfig */,
			);
			name = Pods;
			sourceTree = "<group>";
		};
/* End PBXGroup section */

/* Begin PBXNativeTarget section */
		555854AB1CBA8AA4009B54DB /* appStore */ = {
			isa = PBXNativeTarget;
			buildConfigurationList = 555854D41CBA8AA6009B54DB /* Build configuration list for PBXNativeTarget "appStore" */;
			buildPhases = (
				72729F9EE368AFE16926A6D8 /* Check Pods Manifest.lock */,
				555854A81CBA8AA4009B54DB /* Sources */,
				555854A91CBA8AA4009B54DB /* Frameworks */,
				555854AA1CBA8AA4009B54DB /* Resources */,
				04B630396F67E6C9EB3C01FF /* Embed Pods Frameworks */,
				9BE5961546665A9D220AC77F /* Copy Pods Resources */,
			);
			buildRules = (
			);
			dependencies = (
			);
			name = appStore;
			productName = appStore;
			productReference = 555854AC1CBA8AA4009B54DB /* appStore.app */;
			productType = "com.apple.product-type.application";
		};
		555854BF1CBA8AA6009B54DB /* appStoreTests */ = {
			isa = PBXNativeTarget;
			buildConfigurationList = 555854D71CBA8AA6009B54DB /* Build configuration list for PBXNativeTarget "appStoreTests" */;
			buildPhases = (
				555854BC1CBA8AA6009B54DB /* Sources */,
				555854BD1CBA8AA6009B54DB /* Frameworks */,
				555854BE1CBA8AA6009B54DB /* Resources */,
			);
			buildRules = (
			);
			dependencies = (
				555854C21CBA8AA6009B54DB /* PBXTargetDependency */,
			);
			name = appStoreTests;
			productName = appStoreTests;
			productReference = 555854C01CBA8AA6009B54DB /* appStoreTests.xctest */;
			productType = "com.apple.product-type.bundle.unit-test";
		};
		555854CA1CBA8AA6009B54DB /* appStoreUITests */ = {
			isa = PBXNativeTarget;
			buildConfigurationList = 555854DA1CBA8AA6009B54DB /* Build configuration list for PBXNativeTarget "appStoreUITests" */;
			buildPhases = (
				555854C71CBA8AA6009B54DB /* Sources */,
				555854C81CBA8AA6009B54DB /* Frameworks */,
				555854C91CBA8AA6009B54DB /* Resources */,
			);
			buildRules = (
			);
			dependencies = (
				555854CD1CBA8AA6009B54DB /* PBXTargetDependency */,
			);
			name = appStoreUITests;
			productName = appStoreUITests;
			productReference = 555854CB1CBA8AA6009B54DB /* appStoreUITests.xctest */;
			productType = "com.apple.product-type.bundle.ui-testing";
		};
/* End PBXNativeTarget section */

/* Begin PBXProject section */
		555854A41CBA8AA4009B54DB /* Project object */ = {
			isa = PBXProject;
			attributes = {
				LastSwiftUpdateCheck = 0730;
				LastUpgradeCheck = 0730;
				ORGANIZATIONNAME = vicioux;
				TargetAttributes = {
					555854AB1CBA8AA4009B54DB = {
						CreatedOnToolsVersion = 7.3;
						DevelopmentTeam = L47H8QV7B2;
					};
					555854BF1CBA8AA6009B54DB = {
						CreatedOnToolsVersion = 7.3;
						DevelopmentTeam = L47H8QV7B2;
						TestTargetID = 555854AB1CBA8AA4009B54DB;
					};
					555854CA1CBA8AA6009B54DB = {
						CreatedOnToolsVersion = 7.3;
						DevelopmentTeam = L47H8QV7B2;
						TestTargetID = 555854AB1CBA8AA4009B54DB;
					};
				};
			};
			buildConfigurationList = 555854A71CBA8AA4009B54DB /* Build configuration list for PBXProject "appStore" */;
			compatibilityVersion = "Xcode 3.2";
			developmentRegion = English;
			hasScannedForEncodings = 0;
			knownRegions = (
				en,
				Base,
			);
			mainGroup = 555854A31CBA8AA4009B54DB;
			productRefGroup = 555854AD1CBA8AA4009B54DB /* Products */;
			projectDirPath = "";
			projectRoot = "";
			targets = (
				555854AB1CBA8AA4009B54DB /* appStore */,
				555854BF1CBA8AA6009B54DB /* appStoreTests */,
				555854CA1CBA8AA6009B54DB /* appStoreUITests */,
			);
		};
/* End PBXProject section */

/* Begin PBXResourcesBuildPhase section */
		555854AA1CBA8AA4009B54DB /* Resources */ = {
			isa = PBXResourcesBuildPhase;
			buildActionMask = 2147483647;
			files = (
				555854BA1CBA8AA5009B54DB /* LaunchScreen.storyboard in Resources */,
				552B267D1CBEF4AD004F3749 /* CategoryCollectionViewCell.xib in Resources */,
				555854B71CBA8AA5009B54DB /* Assets.xcassets in Resources */,
				555854B51CBA8AA5009B54DB /* Main.storyboard in Resources */,
				552B26771CBEE20B004F3749 /* CategoryTableViewCell.xib in Resources */,
			);
			runOnlyForDeploymentPostprocessing = 0;
		};
		555854BE1CBA8AA6009B54DB /* Resources */ = {
			isa = PBXResourcesBuildPhase;
			buildActionMask = 2147483647;
			files = (
			);
			runOnlyForDeploymentPostprocessing = 0;
		};
		555854C91CBA8AA6009B54DB /* Resources */ = {
			isa = PBXResourcesBuildPhase;
			buildActionMask = 2147483647;
			files = (
			);
			runOnlyForDeploymentPostprocessing = 0;
		};
/* End PBXResourcesBuildPhase section */

/* Begin PBXShellScriptBuildPhase section */
		04B630396F67E6C9EB3C01FF /* Embed Pods Frameworks */ = {
			isa = PBXShellScriptBuildPhase;
			buildActionMask = 2147483647;
			files = (
			);
			inputPaths = (
			);
			name = "Embed Pods Frameworks";
			outputPaths = (
			);
			runOnlyForDeploymentPostprocessing = 0;
			shellPath = /bin/sh;
			shellScript = "\"${SRCROOT}/Pods/Target Support Files/Pods/Pods-frameworks.sh\"\n";
			showEnvVarsInLog = 0;
		};
		72729F9EE368AFE16926A6D8 /* Check Pods Manifest.lock */ = {
			isa = PBXShellScriptBuildPhase;
			buildActionMask = 2147483647;
			files = (
			);
			inputPaths = (
			);
			name = "Check Pods Manifest.lock";
			outputPaths = (
			);
			runOnlyForDeploymentPostprocessing = 0;
			shellPath = /bin/sh;
			shellScript = "diff \"${PODS_ROOT}/../Podfile.lock\" \"${PODS_ROOT}/Manifest.lock\" > /dev/null\nif [[ $? != 0 ]] ; then\n    cat << EOM\nerror: The sandbox is not in sync with the Podfile.lock. Run 'pod install' or update your CocoaPods installation.\nEOM\n    exit 1\nfi\n";
			showEnvVarsInLog = 0;
		};
		9BE5961546665A9D220AC77F /* Copy Pods Resources */ = {
			isa = PBXShellScriptBuildPhase;
			buildActionMask = 2147483647;
			files = (
			);
			inputPaths = (
			);
			name = "Copy Pods Resources";
			outputPaths = (
			);
			runOnlyForDeploymentPostprocessing = 0;
			shellPath = /bin/sh;
			shellScript = "\"${SRCROOT}/Pods/Target Support Files/Pods/Pods-resources.sh\"\n";
			showEnvVarsInLog = 0;
		};
/* End PBXShellScriptBuildPhase section */

/* Begin PBXSourcesBuildPhase section */
		555854A81CBA8AA4009B54DB /* Sources */ = {
			isa = PBXSourcesBuildPhase;
			buildActionMask = 2147483647;
			files = (
				555854F31CBAB0D7009B54DB /* AppRepository.swift in Sources */,
				555854F51CBAB1FB009B54DB /* TestAppRepository.swift in Sources */,
				553D83B81CBD2F4000450CD8 /* MobileApp.swift in Sources */,
				552B267B1CBEF370004F3749 /* CategoryCollectionViewCell.swift in Sources */,
				553D83B31CBCAEDE00450CD8 /* Error.swift in Sources */,
				552B26791CBEE4E1004F3749 /* CategoryViewController.swift in Sources */,
				5527001F1CBE09DD006CC45C /* ItemsCollectionViewCell.swift in Sources */,
				55CD1EBB1CBFEE0300922161 /* SyncManager.swift in Sources */,
				555854EF1CBAA047009B54DB /* AppItem.swift in Sources */,
				552B26701CBEDE79004F3749 /* CategoryTableViewCell.swift in Sources */,
				555854EC1CBA9DEB009B54DB /* IAppRepository.swift in Sources */,
				555854B01CBA8AA5009B54DB /* AppDelegate.swift in Sources */,
				552700191CBDEDE3006CC45C /* ItemsCollectionViewController.swift in Sources */,
				553D83BA1CBD2F5B00450CD8 /* APIClient.swift in Sources */,
				553D83B61CBD2B6100450CD8 /* AppNotification.swift in Sources */,
				552700211CBE8AF1006CC45C /* DetailViewController.swift in Sources */,
				555854E61CBA9AD8009B54DB /* Constants.swift in Sources */,
				555854F71CBAB2E7009B54DB /* RepositoryLocator.swift in Sources */,
			);
			runOnlyForDeploymentPostprocessing = 0;
		};
		555854BC1CBA8AA6009B54DB /* Sources */ = {
			isa = PBXSourcesBuildPhase;
			buildActionMask = 2147483647;
			files = (
				555854C51CBA8AA6009B54DB /* appStoreTests.swift in Sources */,
			);
			runOnlyForDeploymentPostprocessing = 0;
		};
		555854C71CBA8AA6009B54DB /* Sources */ = {
			isa = PBXSourcesBuildPhase;
			buildActionMask = 2147483647;
			files = (
				555854D01CBA8AA6009B54DB /* appStoreUITests.swift in Sources */,
			);
			runOnlyForDeploymentPostprocessing = 0;
		};
/* End PBXSourcesBuildPhase section */

/* Begin PBXTargetDependency section */
		555854C21CBA8AA6009B54DB /* PBXTargetDependency */ = {
			isa = PBXTargetDependency;
			target = 555854AB1CBA8AA4009B54DB /* appStore */;
			targetProxy = 555854C11CBA8AA6009B54DB /* PBXContainerItemProxy */;
		};
		555854CD1CBA8AA6009B54DB /* PBXTargetDependency */ = {
			isa = PBXTargetDependency;
			target = 555854AB1CBA8AA4009B54DB /* appStore */;
			targetProxy = 555854CC1CBA8AA6009B54DB /* PBXContainerItemProxy */;
		};
/* End PBXTargetDependency section */

/* Begin PBXVariantGroup section */
		555854B31CBA8AA5009B54DB /* Main.storyboard */ = {
			isa = PBXVariantGroup;
			children = (
				555854B41CBA8AA5009B54DB /* Base */,
			);
			name = Main.storyboard;
			sourceTree = "<group>";
		};
		555854B81CBA8AA5009B54DB /* LaunchScreen.storyboard */ = {
			isa = PBXVariantGroup;
			children = (
				555854B91CBA8AA5009B54DB /* Base */,
			);
			name = LaunchScreen.storyboard;
			sourceTree = "<group>";
		};
/* End PBXVariantGroup section */

/* Begin XCBuildConfiguration section */
		555854D21CBA8AA6009B54DB /* Debug */ = {
			isa = XCBuildConfiguration;
			buildSettings = {
				ALWAYS_SEARCH_USER_PATHS = NO;
				CLANG_ANALYZER_NONNULL = YES;
				CLANG_CXX_LANGUAGE_STANDARD = "gnu++0x";
				CLANG_CXX_LIBRARY = "libc++";
				CLANG_ENABLE_MODULES = YES;
				CLANG_ENABLE_OBJC_ARC = YES;
				CLANG_WARN_BOOL_CONVERSION = YES;
				CLANG_WARN_CONSTANT_CONVERSION = YES;
				CLANG_WARN_DIRECT_OBJC_ISA_USAGE = YES_ERROR;
				CLANG_WARN_EMPTY_BODY = YES;
				CLANG_WARN_ENUM_CONVERSION = YES;
				CLANG_WARN_INT_CONVERSION = YES;
				CLANG_WARN_OBJC_ROOT_CLASS = YES_ERROR;
				CLANG_WARN_UNREACHABLE_CODE = YES;
				CLANG_WARN__DUPLICATE_METHOD_MATCH = YES;
				"CODE_SIGN_IDENTITY[sdk=iphoneos*]" = "";
				COPY_PHASE_STRIP = NO;
				DEBUG_INFORMATION_FORMAT = dwarf;
				ENABLE_STRICT_OBJC_MSGSEND = YES;
				ENABLE_TESTABILITY = YES;
				GCC_C_LANGUAGE_STANDARD = gnu99;
				GCC_DYNAMIC_NO_PIC = NO;
				GCC_NO_COMMON_BLOCKS = YES;
				GCC_OPTIMIZATION_LEVEL = 0;
				GCC_PREPROCESSOR_DEFINITIONS = (
					"DEBUG=1",
					"$(inherited)",
				);
				GCC_WARN_64_TO_32_BIT_CONVERSION = YES;
				GCC_WARN_ABOUT_RETURN_TYPE = YES_ERROR;
				GCC_WARN_UNDECLARED_SELECTOR = YES;
				GCC_WARN_UNINITIALIZED_AUTOS = YES_AGGRESSIVE;
				GCC_WARN_UNUSED_FUNCTION = YES;
				GCC_WARN_UNUSED_VARIABLE = YES;
				IPHONEOS_DEPLOYMENT_TARGET = 9.3;
				MTL_ENABLE_DEBUG_INFO = YES;
				ONLY_ACTIVE_ARCH = YES;
				SDKROOT = iphoneos;
				SWIFT_OPTIMIZATION_LEVEL = "-Onone";
				TARGETED_DEVICE_FAMILY = "1,2";
			};
			name = Debug;
		};
		555854D31CBA8AA6009B54DB /* Release */ = {
			isa = XCBuildConfiguration;
			buildSettings = {
				ALWAYS_SEARCH_USER_PATHS = NO;
				CLANG_ANALYZER_NONNULL = YES;
				CLANG_CXX_LANGUAGE_STANDARD = "gnu++0x";
				CLANG_CXX_LIBRARY = "libc++";
				CLANG_ENABLE_MODULES = YES;
				CLANG_ENABLE_OBJC_ARC = YES;
				CLANG_WARN_BOOL_CONVERSION = YES;
				CLANG_WARN_CONSTANT_CONVERSION = YES;
				CLANG_WARN_DIRECT_OBJC_ISA_USAGE = YES_ERROR;
				CLANG_WARN_EMPTY_BODY = YES;
				CLANG_WARN_ENUM_CONVERSION = YES;
				CLANG_WARN_INT_CONVERSION = YES;
				CLANG_WARN_OBJC_ROOT_CLASS = YES_ERROR;
				CLANG_WARN_UNREACHABLE_CODE = YES;
				CLANG_WARN__DUPLICATE_METHOD_MATCH = YES;
				"CODE_SIGN_IDENTITY[sdk=iphoneos*]" = "";
				COPY_PHASE_STRIP = NO;
				DEBUG_INFORMATION_FORMAT = "dwarf-with-dsym";
				ENABLE_NS_ASSERTIONS = NO;
				ENABLE_STRICT_OBJC_MSGSEND = YES;
				GCC_C_LANGUAGE_STANDARD = gnu99;
				GCC_NO_COMMON_BLOCKS = YES;
				GCC_WARN_64_TO_32_BIT_CONVERSION = YES;
				GCC_WARN_ABOUT_RETURN_TYPE = YES_ERROR;
				GCC_WARN_UNDECLARED_SELECTOR = YES;
				GCC_WARN_UNINITIALIZED_AUTOS = YES_AGGRESSIVE;
				GCC_WARN_UNUSED_FUNCTION = YES;
				GCC_WARN_UNUSED_VARIABLE = YES;
				IPHONEOS_DEPLOYMENT_TARGET = 9.3;
				MTL_ENABLE_DEBUG_INFO = NO;
				SDKROOT = iphoneos;
				TARGETED_DEVICE_FAMILY = "1,2";
				VALIDATE_PRODUCT = YES;
			};
			name = Release;
		};
		555854D51CBA8AA6009B54DB /* Debug */ = {
			isa = XCBuildConfiguration;
			baseConfigurationReference = 5485FC4B01EA5D26C33B364B /* Pods.debug.xcconfig */;
			buildSettings = {
				ASSETCATALOG_COMPILER_APPICON_NAME = AppIcon;
				INFOPLIST_FILE = appStore/Info.plist;
				LD_RUNPATH_SEARCH_PATHS = "$(inherited) @executable_path/Frameworks";
				PRODUCT_BUNDLE_IDENTIFIER = com.vicioux.appStore;
				PRODUCT_NAME = "$(TARGET_NAME)";
			};
			name = Debug;
		};
		555854D61CBA8AA6009B54DB /* Release */ = {
			isa = XCBuildConfiguration;
			baseConfigurationReference = 033373A0E2F1606B3BFA90B3 /* Pods.release.xcconfig */;
			buildSettings = {
				ASSETCATALOG_COMPILER_APPICON_NAME = AppIcon;
				INFOPLIST_FILE = appStore/Info.plist;
				LD_RUNPATH_SEARCH_PATHS = "$(inherited) @executable_path/Frameworks";
				PRODUCT_BUNDLE_IDENTIFIER = com.vicioux.appStore;
				PRODUCT_NAME = "$(TARGET_NAME)";
			};
			name = Release;
		};
		555854D81CBA8AA6009B54DB /* Debug */ = {
			isa = XCBuildConfiguration;
			buildSettings = {
				BUNDLE_LOADER = "$(TEST_HOST)";
				INFOPLIST_FILE = appStoreTests/Info.plist;
				LD_RUNPATH_SEARCH_PATHS = "$(inherited) @executable_path/Frameworks @loader_path/Frameworks";
				PRODUCT_BUNDLE_IDENTIFIER = com.vicioux.appStoreTests;
				PRODUCT_NAME = "$(TARGET_NAME)";
				TEST_HOST = "$(BUILT_PRODUCTS_DIR)/appStore.app/appStore";
			};
			name = Debug;
		};
		555854D91CBA8AA6009B54DB /* Release */ = {
			isa = XCBuildConfiguration;
			buildSettings = {
				BUNDLE_LOADER = "$(TEST_HOST)";
				INFOPLIST_FILE = appStoreTests/Info.plist;
				LD_RUNPATH_SEARCH_PATHS = "$(inherited) @executable_path/Frameworks @loader_path/Frameworks";
				PRODUCT_BUNDLE_IDENTIFIER = com.vicioux.appStoreTests;
				PRODUCT_NAME = "$(TARGET_NAME)";
				TEST_HOST = "$(BUILT_PRODUCTS_DIR)/appStore.app/appStore";
			};
			name = Release;
		};
		555854DB1CBA8AA6009B54DB /* Debug */ = {
			isa = XCBuildConfiguration;
			buildSettings = {
				INFOPLIST_FILE = appStoreUITests/Info.plist;
				LD_RUNPATH_SEARCH_PATHS = "$(inherited) @executable_path/Frameworks @loader_path/Frameworks";
				PRODUCT_BUNDLE_IDENTIFIER = com.vicioux.appStoreUITests;
				PRODUCT_NAME = "$(TARGET_NAME)";
				TEST_TARGET_NAME = appStore;
			};
			name = Debug;
		};
		555854DC1CBA8AA6009B54DB /* Release */ = {
			isa = XCBuildConfiguration;
			buildSettings = {
				INFOPLIST_FILE = appStoreUITests/Info.plist;
				LD_RUNPATH_SEARCH_PATHS = "$(inherited) @executable_path/Frameworks @loader_path/Frameworks";
				PRODUCT_BUNDLE_IDENTIFIER = com.vicioux.appStoreUITests;
				PRODUCT_NAME = "$(TARGET_NAME)";
				TEST_TARGET_NAME = appStore;
			};
			name = Release;
		};
/* End XCBuildConfiguration section */

/* Begin XCConfigurationList section */
		555854A71CBA8AA4009B54DB /* Build configuration list for PBXProject "appStore" */ = {
			isa = XCConfigurationList;
			buildConfigurations = (
				555854D21CBA8AA6009B54DB /* Debug */,
				555854D31CBA8AA6009B54DB /* Release */,
			);
			defaultConfigurationIsVisible = 0;
			defaultConfigurationName = Release;
		};
		555854D41CBA8AA6009B54DB /* Build configuration list for PBXNativeTarget "appStore" */ = {
			isa = XCConfigurationList;
			buildConfigurations = (
				555854D51CBA8AA6009B54DB /* Debug */,
				555854D61CBA8AA6009B54DB /* Release */,
			);
			defaultConfigurationIsVisible = 0;
			defaultConfigurationName = Release;
		};
		555854D71CBA8AA6009B54DB /* Build configuration list for PBXNativeTarget "appStoreTests" */ = {
			isa = XCConfigurationList;
			buildConfigurations = (
				555854D81CBA8AA6009B54DB /* Debug */,
				555854D91CBA8AA6009B54DB /* Release */,
			);
			defaultConfigurationIsVisible = 0;
			defaultConfigurationName = Release;
		};
		555854DA1CBA8AA6009B54DB /* Build configuration list for PBXNativeTarget "appStoreUITests" */ = {
			isa = XCConfigurationList;
			buildConfigurations = (
				555854DB1CBA8AA6009B54DB /* Debug */,
				555854DC1CBA8AA6009B54DB /* Release */,
			);
			defaultConfigurationIsVisible = 0;
			defaultConfigurationName = Release;
		};
/* End XCConfigurationList section */
	};
	rootObject = 555854A41CBA8AA4009B54DB /* Project object */;
}
